
Microsoft Visual Studio Solution File, Format Version 12.00
# Visual Studio Version 17
VisualStudioVersion = 17.4.33213.308
MinimumVisualStudioVersion = 10.0.40219.1
Project("{FAE04EC0-301F-11D3-BF4B-00C04F79EFBC}") = "RezidanslarApiUyg", "RezidanslarApiUyg\RezidanslarApiUyg.csproj", "{42AF55F1-A5B3-4511-95F0-727BF668025D}"
EndProject
Project("{FAE04EC0-301F-11D3-BF4B-00C04F79EFBC}") = "RezidaslarMVCkatman", "RezidaslarMVCkatman\RezidaslarMVCkatman.csproj", "{70C613DB-45C8-40DE-962A-5524141411E1}"
EndProject
Global
	GlobalSection(SolutionConfigurationPlatforms) = preSolution
		Debug|Any CPU = Debug|Any CPU
		Release|Any CPU = Release|Any CPU
	EndGlobalSection
	GlobalSection(ProjectConfigurationPlatforms) = postSolution
		{42AF55F1-A5B3-4511-95F0-727BF668025D}.Debug|Any CPU.ActiveCfg = Debug|Any CPU
		{42AF55F1-A5B3-4511-95F0-727BF668025D}.Debug|Any CPU.Build.0 = Debug|Any CPU
		{42AF55F1-A5B3-4511-95F0-727BF668025D}.Release|Any CPU.ActiveCfg = Release|Any CPU
		{42AF55F1-A5B3-4511-95F0-727BF668025D}.Release|Any CPU.Build.0 = Release|Any CPU
		{70C613DB-45C8-40DE-962A-5524141411E1}.Debug|Any CPU.ActiveCfg = Debug|Any CPU
		{70C613DB-45C8-40DE-962A-5524141411E1}.Debug|Any CPU.Build.0 = Debug|Any CPU
		{70C613DB-45C8-40DE-962A-5524141411E1}.Release|Any CPU.ActiveCfg = Release|Any CPU
		{70C613DB-45C8-40DE-962A-5524141411E1}.Release|Any CPU.Build.0 = Release|Any CPU
	EndGlobalSection
	GlobalSection(SolutionProperties) = preSolution
		HideSolutionNode = FALSE
	EndGlobalSection
	GlobalSection(ExtensibilityGlobals) = postSolution
		SolutionGuid = {FEFD398C-2D5B-498A-8A79-179A81C88FF2}
	EndGlobalSection
EndGlobal
